
Microsoft Visual Studio Solution File, Format Version 12.00
# Visual Studio 15
VisualStudioVersion = 15.0.27130.2026
MinimumVisualStudioVersion = 10.0.40219.1
Project("{FAE04EC0-301F-11D3-BF4B-00C04F79EFBC}") = "ProgramStudent", "ProgramStudent\ProgramStudent.csproj", "{749B7483-5EE8-440F-BECC-F384DCD45CBA}"
EndProject
Global
	GlobalSection(SolutionConfigurationPlatforms) = preSolution
		Debug|Any CPU = Debug|Any CPU
		Release|Any CPU = Release|Any CPU
	EndGlobalSection
	GlobalSection(ProjectConfigurationPlatforms) = postSolution
		{749B7483-5EE8-440F-BECC-F384DCD45CBA}.Debug|Any CPU.ActiveCfg = Debug|Any CPU
		{749B7483-5EE8-440F-BECC-F384DCD45CBA}.Debug|Any CPU.Build.0 = Debug|Any CPU
		{749B7483-5EE8-440F-BECC-F384DCD45CBA}.Release|Any CPU.ActiveCfg = Release|Any CPU
		{749B7483-5EE8-440F-BECC-F384DCD45CBA}.Release|Any CPU.Build.0 = Release|Any CPU
	EndGlobalSection
	GlobalSection(SolutionProperties) = preSolution
		HideSolutionNode = FALSE
	EndGlobalSection
	GlobalSection(ExtensibilityGlobals) = postSolution
		SolutionGuid = {95B7438A-DEC4-4CB2-93EA-FAE364E298D9}
	EndGlobalSection
EndGlobal
